Microsoft Visual Studio Solution File, Format Version 12.00
# Visual Studio Version 17
VisualStudioVersion = 17.0.31903.59
MinimumVisualStudioVersion = 10.0.40219.1
Project("{FAE04EC0-301F-11D3-BF4B-00C04F79EFBC}") = "NextGenPC.Domain", "NextGenPC.Domain\NextGenPC.Domain.csproj", "{81138B1C-7416-4B55-9F28-FF86CC92343F}"
EndProject
Project("{FAE04EC0-301F-11D3-BF4B-00C04F79EFBC}") = "NextGenPC.BusinessLogic", "NextGenPC.BusinessLogic\NextGenPC.BusinessLogic.csproj", "{553F9727-E6AD-4A8C-876D-D935D8571C15}"
EndProject
Project("{FAE04EC0-301F-11D3-BF4B-00C04F79EFBC}") = "NextGenPC.Data", "NextGenPC.Data\NextGenPC.Data.csproj", "{1AAC6A45-DDDC-47FB-A00E-CE2F2CE6E99A}"
EndProject
Project("{FAE04EC0-301F-11D3-BF4B-00C04F79EFBC}") = "NextGenPC.Web", "NextGenPC.Web\NextGenPC.Web.csproj", "{E025FD97-A4D8-4B8C-AA7C-8A4005F41A87}"
EndProject
Global
	GlobalSection(SolutionConfigurationPlatforms) = preSolution
		Debug|Any CPU = Debug|Any CPU
		Debug|x64 = Debug|x64
		Debug|x86 = Debug|x86
		Release|Any CPU = Release|Any CPU
		Release|x64 = Release|x64
		Release|x86 = Release|x86
	EndGlobalSection
	GlobalSection(ProjectConfigurationPlatforms) = postSolution
		{81138B1C-7416-4B55-9F28-FF86CC92343F}.Debug|Any CPU.ActiveCfg = Debug|Any CPU
		{81138B1C-7416-4B55-9F28-FF86CC92343F}.Debug|Any CPU.Build.0 = Debug|Any CPU
		{81138B1C-7416-4B55-9F28-FF86CC92343F}.Debug|x64.ActiveCfg = Debug|Any CPU
		{81138B1C-7416-4B55-9F28-FF86CC92343F}.Debug|x64.Build.0 = Debug|Any CPU
		{81138B1C-7416-4B55-9F28-FF86CC92343F}.Debug|x86.ActiveCfg = Debug|Any CPU
		{81138B1C-7416-4B55-9F28-FF86CC92343F}.Debug|x86.Build.0 = Debug|Any CPU
		{81138B1C-7416-4B55-9F28-FF86CC92343F}.Release|Any CPU.ActiveCfg = Release|Any CPU
		{81138B1C-7416-4B55-9F28-FF86CC92343F}.Release|Any CPU.Build.0 = Release|Any CPU
		{81138B1C-7416-4B55-9F28-FF86CC92343F}.Release|x64.ActiveCfg = Release|Any CPU
		{81138B1C-7416-4B55-9F28-FF86CC92343F}.Release|x64.Build.0 = Release|Any CPU
		{81138B1C-7416-4B55-9F28-FF86CC92343F}.Release|x86.ActiveCfg = Release|Any CPU
		{81138B1C-7416-4B55-9F28-FF86CC92343F}.Release|x86.Build.0 = Release|Any CPU
		{553F9727-E6AD-4A8C-876D-D935D8571C15}.Debug|Any CPU.ActiveCfg = Debug|Any CPU
		{553F9727-E6AD-4A8C-876D-D935D8571C15}.Debug|Any CPU.Build.0 = Debug|Any CPU
		{553F9727-E6AD-4A8C-876D-D935D8571C15}.Debug|x64.ActiveCfg = Debug|Any CPU
		{553F9727-E6AD-4A8C-876D-D935D8571C15}.Debug|x64.Build.0 = Debug|Any CPU
		{553F9727-E6AD-4A8C-876D-D935D8571C15}.Debug|x86.ActiveCfg = Debug|Any CPU
		{553F9727-E6AD-4A8C-876D-D935D8571C15}.Debug|x86.Build.0 = Debug|Any CPU
		{553F9727-E6AD-4A8C-876D-D935D8571C15}.Release|Any CPU.ActiveCfg = Release|Any CPU
		{553F9727-E6AD-4A8C-876D-D935D8571C15}.Release|Any CPU.Build.0 = Release|Any CPU
		{553F9727-E6AD-4A8C-876D-D935D8571C15}.Release|x64.ActiveCfg = Release|Any CPU
		{553F9727-E6AD-4A8C-876D-D935D8571C15}.Release|x64.Build.0 = Release|Any CPU
		{553F9727-E6AD-4A8C-876D-D935D8571C15}.Release|x86.ActiveCfg = Release|Any CPU
		{553F9727-E6AD-4A8C-876D-D935D8571C15}.Release|x86.Build.0 = Release|Any CPU
		{1AAC6A45-DDDC-47FB-A00E-CE2F2CE6E99A}.Debug|Any CPU.ActiveCfg = Debug|Any CPU
		{1AAC6A45-DDDC-47FB-A00E-CE2F2CE6E99A}.Debug|Any CPU.Build.0 = Debug|Any CPU
		{1AAC6A45-DDDC-47FB-A00E-CE2F2CE6E99A}.Debug|x64.ActiveCfg = Debug|Any CPU
		{1AAC6A45-DDDC-47FB-A00E-CE2F2CE6E99A}.Debug|x64.Build.0 = Debug|Any CPU
		{1AAC6A45-DDDC-47FB-A00E-CE2F2CE6E99A}.Debug|x86.ActiveCfg = Debug|Any CPU
		{1AAC6A45-DDDC-47FB-A00E-CE2F2CE6E99A}.Debug|x86.Build.0 = Debug|Any CPU
		{1AAC6A45-DDDC-47FB-A00E-CE2F2CE6E99A}.Release|Any CPU.ActiveCfg = Release|Any CPU
		{1AAC6A45-DDDC-47FB-A00E-CE2F2CE6E99A}.Release|Any CPU.Build.0 = Release|Any CPU
		{1AAC6A45-DDDC-47FB-A00E-CE2F2CE6E99A}.Release|x64.ActiveCfg = Release|Any CPU
		{1AAC6A45-DDDC-47FB-A00E-CE2F2CE6E99A}.Release|x64.Build.0 = Release|Any CPU
		{1AAC6A45-DDDC-47FB-A00E-CE2F2CE6E99A}.Release|x86.ActiveCfg = Release|Any CPU
		{1AAC6A45-DDDC-47FB-A00E-CE2F2CE6E99A}.Release|x86.Build.0 = Release|Any CPU
		{E025FD97-A4D8-4B8C-AA7C-8A4005F41A87}.Debug|Any CPU.ActiveCfg = Debug|Any CPU
		{E025FD97-A4D8-4B8C-AA7C-8A4005F41A87}.Debug|Any CPU.Build.0 = Debug|Any CPU
		{E025FD97-A4D8-4B8C-AA7C-8A4005F41A87}.Debug|x64.ActiveCfg = Debug|Any CPU
		{E025FD97-A4D8-4B8C-AA7C-8A4005F41A87}.Debug|x64.Build.0 = Debug|Any CPU
		{E025FD97-A4D8-4B8C-AA7C-8A4005F41A87}.Debug|x86.ActiveCfg = Debug|Any CPU
		{E025FD97-A4D8-4B8C-AA7C-8A4005F41A87}.Debug|x86.Build.0 = Debug|Any CPU
		{E025FD97-A4D8-4B8C-AA7C-8A4005F41A87}.Release|Any CPU.ActiveCfg = Release|Any CPU
		{E025FD97-A4D8-4B8C-AA7C-8A4005F41A87}.Release|Any CPU.Build.0 = Release|Any CPU
		{E025FD97-A4D8-4B8C-AA7C-8A4005F41A87}.Release|x64.ActiveCfg = Release|Any CPU
		{E025FD97-A4D8-4B8C-AA7C-8A4005F41A87}.Release|x64.Build.0 = Release|Any CPU
		{E025FD97-A4D8-4B8C-AA7C-8A4005F41A87}.Release|x86.ActiveCfg = Release|Any CPU
		{E025FD97-A4D8-4B8C-AA7C-8A4005F41A87}.Release|x86.Build.0 = Release|Any CPU
	EndGlobalSection
	GlobalSection(SolutionProperties) = preSolution
		HideSolutionNode = FALSE
	EndGlobalSection
EndGlobal
